// !$*UTF8*$!
{
	archiveVersion = 1;
	classes = {
	};
	objectVersion = 46;
	objects = {

/* Begin PBXBuildFile section */
		1A41DBC41B00F84000ECFAB1 /* main.m in Sources */ = {isa = PBXBuildFile; fileRef = 1A41DBC31B00F84000ECFAB1 /* main.m */; };
		1A41DBC71B00F84000ECFAB1 /* AppDelegate.m in Sources */ = {isa = PBXBuildFile; fileRef = 1A41DBC61B00F84000ECFAB1 /* AppDelegate.m */; };
		1A41DBCA1B00F84000ECFAB1 /* ParseDemo.xcdatamodeld in Sources */ = {isa = PBXBuildFile; fileRef = 1A41DBC81B00F84000ECFAB1 /* ParseDemo.xcdatamodeld */; };
		1A41DBCD1B00F84000ECFAB1 /* ViewController.m in Sources */ = {isa = PBXBuildFile; fileRef = 1A41DBCC1B00F84000ECFAB1 /* ViewController.m */; };
		1A41DBD01B00F84000ECFAB1 /* Main.storyboard in Resources */ = {isa = PBXBuildFile; fileRef = 1A41DBCE1B00F84000ECFAB1 /* Main.storyboard */; };
		1A41DBD21B00F84000ECFAB1 /* Images.xcassets in Resources */ = {isa = PBXBuildFile; fileRef = 1A41DBD11B00F84000ECFAB1 /* Images.xcassets */; };
		1A41DBD51B00F84000ECFAB1 /* LaunchScreen.xib in Resources */ = {isa = PBXBuildFile; fileRef = 1A41DBD31B00F84000ECFAB1 /* LaunchScreen.xib */; };
		1A41DBE11B00F84000ECFAB1 /* ParseDemoTests.m in Sources */ = {isa = PBXBuildFile; fileRef = 1A41DBE01B00F84000ECFAB1 /* ParseDemoTests.m */; };
		1A41DBEC1B00F89600ECFAB1 /* Bolts.framework in Frameworks */ = {isa = PBXBuildFile; fileRef = 1A41DBEA1B00F89600ECFAB1 /* Bolts.framework */; };
		1A41DBED1B00F89600ECFAB1 /* Bolts.framework in Frameworks */ = {isa = PBXBuildFile; fileRef = 1A41DBEA1B00F89600ECFAB1 /* Bolts.framework */; };
		1A41DBEE1B00F89600ECFAB1 /* Parse.framework in Frameworks */ = {isa = PBXBuildFile; fileRef = 1A41DBEB1B00F89600ECFAB1 /* Parse.framework */; };
		1A41DBEF1B00F89600ECFAB1 /* Parse.framework in Frameworks */ = {isa = PBXBuildFile; fileRef = 1A41DBEB1B00F89600ECFAB1 /* Parse.framework */; };
		1A41DBF11B00F90A00ECFAB1 /* CoreLocation.framework in Frameworks */ = {isa = PBXBuildFile; fileRef = 1A41DBF01B00F90A00ECFAB1 /* CoreLocation.framework */; };
		1A41DBF31B00F91900ECFAB1 /* CoreGraphics.framework in Frameworks */ = {isa = PBXBuildFile; fileRef = 1A41DBF21B00F91900ECFAB1 /* CoreGraphics.framework */; };
		1A41DBF51B00F94200ECFAB1 /* libz.1.1.3.dylib in Frameworks */ = {isa = PBXBuildFile; fileRef = 1A41DBF41B00F94200ECFAB1 /* libz.1.1.3.dylib */; };
		1A41DBF71B00F9B500ECFAB1 /* libsqlite3.dylib in Frameworks */ = {isa = PBXBuildFile; fileRef = 1A41DBF61B00F9B500ECFAB1 /* libsqlite3.dylib */; };
		1A41DBF91B00F9FA00ECFAB1 /* MobileCoreServices.framework in Frameworks */ = {isa = PBXBuildFile; fileRef = 1A41DBF81B00F9FA00ECFAB1 /* MobileCoreServices.framework */; };
		1A41DBFB1B00FA1000ECFAB1 /* QuartzCore.framework in Frameworks */ = {isa = PBXBuildFile; fileRef = 1A41DBFA1B00FA1000ECFAB1 /* QuartzCore.framework */; };
		1A41DBFD1B00FA1E00ECFAB1 /* Security.framework in Frameworks */ = {isa = PBXBuildFile; fileRef = 1A41DBFC1B00FA1E00ECFAB1 /* Security.framework */; };
		1A41DBFF1B00FA2F00ECFAB1 /* StoreKit.framework in Frameworks */ = {isa = PBXBuildFile; fileRef = 1A41DBFE1B00FA2F00ECFAB1 /* StoreKit.framework */; };
		1A41DC011B00FA8400ECFAB1 /* SystemConfiguration.framework in Frameworks */ = {isa = PBXBuildFile; fileRef = 1A41DC001B00FA8400ECFAB1 /* SystemConfiguration.framework */; };
		1A41DC031B00FA9300ECFAB1 /* AudioToolbox.framework in Frameworks */ = {isa = PBXBuildFile; fileRef = 1A41DC021B00FA9300ECFAB1 /* AudioToolbox.framework */; };
		1A41DC051B00FA9C00ECFAB1 /* CFNetwork.framework in Frameworks */ = {isa = PBXBuildFile; fileRef = 1A41DC041B00FA9C00ECFAB1 /* CFNetwork.framework */; };
		1A6289B31B03978C005186A5 /* Course.m in Sources */ = {isa = PBXBuildFile; fileRef = 1A6289B21B03978C005186A5 /* Course.m */; };
		1A6289B61B03A238005186A5 /* ReturnObject.m in Sources */ = {isa = PBXBuildFile; fileRef = 1A6289B51B03A238005186A5 /* ReturnObject.m */; };
/* End PBXBuildFile section */

/* Begin PBXContainerItemProxy section */
		1A41DBDB1B00F84000ECFAB1 /* PBXContainerItemProxy */ = {
			isa = PBXContainerItemProxy;
			containerPortal = 1A41DBB61B00F84000ECFAB1 /* Project object */;
			proxyType = 1;
			remoteGlobalIDString = 1A41DBBD1B00F84000ECFAB1;
			remoteInfo = ParseDemo;
		};
/* End PBXContainerItemProxy section */

/* Begin PBXFileReference section */
		1A41DBBE1B00F84000ECFAB1 /* ParseDemo.app */ = {isa = PBXFileReference; explicitFileType = wrapper.application; includeInIndex = 0; path = ParseDemo.app; sourceTree = BUILT_PRODUCTS_DIR; };
		1A41DBC21B00F84000ECFAB1 /* Info.plist */ = {isa = PBXFileReference; lastKnownFileType = text.plist.xml; path = Info.plist; sourceTree = "<group>"; };
		1A41DBC31B00F84000ECFAB1 /* main.m */ = {isa = PBXFileReference; lastKnownFileType = sourcecode.c.objc; path = main.m; sourceTree = "<group>"; };
		1A41DBC51B00F84000ECFAB1 /* AppDelegate.h */ = {isa = PBXFileReference; lastKnownFileType = sourcecode.c.h; path = AppDelegate.h; sourceTree = "<group>"; };
		1A41DBC61B00F84000ECFAB1 /* AppDelegate.m */ = {isa = PBXFileReference; lastKnownFileType = sourcecode.c.objc; path = AppDelegate.m; sourceTree = "<group>"; };
		1A41DBC91B00F84000ECFAB1 /* ParseDemo.xcdatamodel */ = {isa = PBXFileReference; lastKnownFileType = wrapper.xcdatamodel; path = ParseDemo.xcdatamodel; sourceTree = "<group>"; };
		1A41DBCB1B00F84000ECFAB1 /* ViewController.h */ = {isa = PBXFileReference; lastKnownFileType = sourcecode.c.h; path = ViewController.h; sourceTree = "<group>"; };
		1A41DBCC1B00F84000ECFAB1 /* ViewController.m */ = {isa = PBXFileReference; lastKnownFileType = sourcecode.c.objc; path = ViewController.m; sourceTree = "<group>"; };
		1A41DBCF1B00F84000ECFAB1 /* Base */ = {isa = PBXFileReference; lastKnownFileType = file.storyboard; name = Base; path = Base.lproj/Main.storyboard; sourceTree = "<group>"; };
		1A41DBD11B00F84000ECFAB1 /* Images.xcassets */ = {isa = PBXFileReference; lastKnownFileType = folder.assetcatalog; path = Images.xcassets; sourceTree = "<group>"; };
		1A41DBD41B00F84000ECFAB1 /* Base */ = {isa = PBXFileReference; lastKnownFileType = file.xib; name = Base; path = Base.lproj/LaunchScreen.xib; sourceTree = "<group>"; };
		1A41DBDA1B00F84000ECFAB1 /* ParseDemoTests.xctest */ = {isa = PBXFileReference; explicitFileType = wrapper.cfbundle; includeInIndex = 0; path = ParseDemoTests.xctest; sourceTree = BUILT_PRODUCTS_DIR; };
		1A41DBDF1B00F84000ECFAB1 /* Info.plist */ = {isa = PBXFileReference; lastKnownFileType = text.plist.xml; path = Info.plist; sourceTree = "<group>"; };
		1A41DBE01B00F84000ECFAB1 /* ParseDemoTests.m */ = {isa = PBXFileReference; lastKnownFileType = sourcecode.c.objc; path = ParseDemoTests.m; sourceTree = "<group>"; };
		1A41DBEA1B00F89600ECFAB1 /* Bolts.framework */ = {isa = PBXFileReference; lastKnownFileType = wrapper.framework; path = Bolts.framework; sourceTree = "<group>"; };
		1A41DBEB1B00F89600ECFAB1 /* Parse.framework */ = {isa = PBXFileReference; lastKnownFileType = wrapper.framework; path = Parse.framework; sourceTree = "<group>"; };
		1A41DBF01B00F90A00ECFAB1 /* CoreLocation.framework */ = {isa = PBXFileReference; lastKnownFileType = wrapper.framework; name = CoreLocation.framework; path = System/Library/Frameworks/CoreLocation.framework; sourceTree = SDKROOT; };
		1A41DBF21B00F91900ECFAB1 /* CoreGraphics.framework */ = {isa = PBXFileReference; lastKnownFileType = wrapper.framework; name = CoreGraphics.framework; path = System/Library/Frameworks/CoreGraphics.framework; sourceTree = SDKROOT; };
		1A41DBF41B00F94200ECFAB1 /* libz.1.1.3.dylib */ = {isa = PBXFileReference; lastKnownFileType = "compiled.mach-o.dylib"; name = libz.1.1.3.dylib; path = usr/lib/libz.1.1.3.dylib; sourceTree = SDKROOT; };
		1A41DBF61B00F9B500ECFAB1 /* libsqlite3.dylib */ = {isa = PBXFileReference; lastKnownFileType = "compiled.mach-o.dylib"; name = libsqlite3.dylib; path = usr/lib/libsqlite3.dylib; sourceTree = SDKROOT; };
		1A41DBF81B00F9FA00ECFAB1 /* MobileCoreServices.framework */ = {isa = PBXFileReference; lastKnownFileType = wrapper.framework; name = MobileCoreServices.framework; path = System/Library/Frameworks/MobileCoreServices.framework; sourceTree = SDKROOT; };
		1A41DBFA1B00FA1000ECFAB1 /* QuartzCore.framework */ = {isa = PBXFileReference; lastKnownFileType = wrapper.framework; name = QuartzCore.framework; path = System/Library/Frameworks/QuartzCore.framework; sourceTree = SDKROOT; };
		1A41DBFC1B00FA1E00ECFAB1 /* Security.framework */ = {isa = PBXFileReference; lastKnownFileType = wrapper.framework; name = Security.framework; path = System/Library/Frameworks/Security.framework; sourceTree = SDKROOT; };
		1A41DBFE1B00FA2F00ECFAB1 /* StoreKit.framework */ = {isa = PBXFileReference; lastKnownFileType = wrapper.framework; name = StoreKit.framework; path = System/Library/Frameworks/StoreKit.framework; sourceTree = SDKROOT; };
		1A41DC001B00FA8400ECFAB1 /* SystemConfiguration.framework */ = {isa = PBXFileReference; lastKnownFileType = wrapper.framework; name = SystemConfiguration.framework; path = System/Library/Frameworks/SystemConfiguration.framework; sourceTree = SDKROOT; };
		1A41DC021B00FA9300ECFAB1 /* AudioToolbox.framework */ = {isa = PBXFileReference; lastKnownFileType = wrapper.framework; name = AudioToolbox.framework; path = System/Library/Frameworks/AudioToolbox.framework; sourceTree = SDKROOT; };
		1A41DC041B00FA9C00ECFAB1 /* CFNetwork.framework */ = {isa = PBXFileReference; lastKnownFileType = wrapper.framework; name = CFNetwork.framework; path = System/Library/Frameworks/CFNetwork.framework; sourceTree = SDKROOT; };
		1A6289B11B03978C005186A5 /* Course.h */ = {isa = PBXFileReference; fileEncoding = 4; lastKnownFileType = sourcecode.c.h; path = Course.h; sourceTree = "<group>"; };
		1A6289B21B03978C005186A5 /* Course.m */ = {isa = PBXFileReference; fileEncoding = 4; lastKnownFileType = sourcecode.c.objc; path = Course.m; sourceTree = "<group>"; };
		1A6289B41B03A238005186A5 /* ReturnObject.h */ = {isa = PBXFileReference; fileEncoding = 4; lastKnownFileType = sourcecode.c.h; path = ReturnObject.h; sourceTree = "<group>"; };
		1A6289B51B03A238005186A5 /* ReturnObject.m */ = {isa = PBXFileReference; fileEncoding = 4; lastKnownFileType = sourcecode.c.objc; path = ReturnObject.m; sourceTree = "<group>"; };
/* End PBXFileReference section */

/* Begin PBXFrameworksBuildPhase section */
		1A41DBBB1B00F84000ECFAB1 /* Frameworks */ = {
			isa = PBXFrameworksBuildPhase;
			buildActionMask = 2147483647;
			files = (
				1A41DC051B00FA9C00ECFAB1 /* CFNetwork.framework in Frameworks */,
				1A41DC031B00FA9300ECFAB1 /* AudioToolbox.framework in Frameworks */,
				1A41DC011B00FA8400ECFAB1 /* SystemConfiguration.framework in Frameworks */,
				1A41DBFF1B00FA2F00ECFAB1 /* StoreKit.framework in Frameworks */,
				1A41DBFD1B00FA1E00ECFAB1 /* Security.framework in Frameworks */,
				1A41DBFB1B00FA1000ECFAB1 /* QuartzCore.framework in Frameworks */,
				1A41DBF91B00F9FA00ECFAB1 /* MobileCoreServices.framework in Frameworks */,
				1A41DBF71B00F9B500ECFAB1 /* libsqlite3.dylib in Frameworks */,
				1A41DBF51B00F94200ECFAB1 /* libz.1.1.3.dylib in Frameworks */,
				1A41DBF31B00F91900ECFAB1 /* CoreGraphics.framework in Frameworks */,
				1A41DBF11B00F90A00ECFAB1 /* CoreLocation.framework in Frameworks */,
				1A41DBEE1B00F89600ECFAB1 /* Parse.framework in Frameworks */,
				1A41DBEC1B00F89600ECFAB1 /* Bolts.framework in Frameworks */,
			);
			runOnlyForDeploymentPostprocessing = 0;
		};
		1A41DBD71B00F84000ECFAB1 /* Frameworks */ = {
			isa = PBXFrameworksBuildPhase;
			buildActionMask = 2147483647;
			files = (
				1A41DBEF1B00F89600ECFAB1 /* Parse.framework in Frameworks */,
				1A41DBED1B00F89600ECFAB1 /* Bolts.framework in Frameworks */,
			);
			runOnlyForDeploymentPostprocessing = 0;
		};
/* End PBXFrameworksBuildPhase section */

/* Begin PBXGroup section */
		1A41DBB51B00F84000ECFAB1 = {
			isa = PBXGroup;
			children = (
				1A41DC041B00FA9C00ECFAB1 /* CFNetwork.framework */,
				1A41DC021B00FA9300ECFAB1 /* AudioToolbox.framework */,
				1A41DC001B00FA8400ECFAB1 /* SystemConfiguration.framework */,
				1A41DBFE1B00FA2F00ECFAB1 /* StoreKit.framework */,
				1A41DBFC1B00FA1E00ECFAB1 /* Security.framework */,
				1A41DBFA1B00FA1000ECFAB1 /* QuartzCore.framework */,
				1A41DBF81B00F9FA00ECFAB1 /* MobileCoreServices.framework */,
				1A41DBF61B00F9B500ECFAB1 /* libsqlite3.dylib */,
				1A41DBF41B00F94200ECFAB1 /* libz.1.1.3.dylib */,
				1A41DBF21B00F91900ECFAB1 /* CoreGraphics.framework */,
				1A41DBF01B00F90A00ECFAB1 /* CoreLocation.framework */,
				1A41DBEA1B00F89600ECFAB1 /* Bolts.framework */,
				1A41DBEB1B00F89600ECFAB1 /* Parse.framework */,
				1A41DBC01B00F84000ECFAB1 /* ParseDemo */,
				1A41DBDD1B00F84000ECFAB1 /* ParseDemoTests */,
				1A41DBBF1B00F84000ECFAB1 /* Products */,
			);
			sourceTree = "<group>";
		};
		1A41DBBF1B00F84000ECFAB1 /* Products */ = {
			isa = PBXGroup;
			children = (
				1A41DBBE1B00F84000ECFAB1 /* ParseDemo.app */,
				1A41DBDA1B00F84000ECFAB1 /* ParseDemoTests.xctest */,
			);
			name = Products;
			sourceTree = "<group>";
		};
		1A41DBC01B00F84000ECFAB1 /* ParseDemo */ = {
			isa = PBXGroup;
			children = (
				1A6289B11B03978C005186A5 /* Course.h */,
				1A6289B21B03978C005186A5 /* Course.m */,
				1A6289B41B03A238005186A5 /* ReturnObject.h */,
				1A6289B51B03A238005186A5 /* ReturnObject.m */,
				1A41DBC51B00F84000ECFAB1 /* AppDelegate.h */,
				1A41DBC61B00F84000ECFAB1 /* AppDelegate.m */,
				1A41DBCB1B00F84000ECFAB1 /* ViewController.h */,
				1A41DBCC1B00F84000ECFAB1 /* ViewController.m */,
				1A41DBCE1B00F84000ECFAB1 /* Main.storyboard */,
				1A41DBD11B00F84000ECFAB1 /* Images.xcassets */,
				1A41DBD31B00F84000ECFAB1 /* LaunchScreen.xib */,
				1A41DBC81B00F84000ECFAB1 /* ParseDemo.xcdatamodeld */,
				1A41DBC11B00F84000ECFAB1 /* Supporting Files */,
			);
			path = ParseDemo;
			sourceTree = "<group>";
		};
		1A41DBC11B00F84000ECFAB1 /* Supporting Files */ = {
			isa = PBXGroup;
			children = (
				1A41DBC21B00F84000ECFAB1 /* Info.plist */,
				1A41DBC31B00F84000ECFAB1 /* main.m */,
			);
			name = "Supporting Files";
			sourceTree = "<group>";
		};
		1A41DBDD1B00F84000ECFAB1 /* ParseDemoTests */ = {
			isa = PBXGroup;
			children = (
				1A41DBE01B00F84000ECFAB1 /* ParseDemoTests.m */,
				1A41DBDE1B00F84000ECFAB1 /* Supporting Files */,
			);
			path = ParseDemoTests;
			sourceTree = "<group>";
		};
		1A41DBDE1B00F84000ECFAB1 /* Supporting Files */ = {
			isa = PBXGroup;
			children = (
				1A41DBDF1B00F84000ECFAB1 /* Info.plist */,
			);
			name = "Supporting Files";
			sourceTree = "<group>";
		};
/* End PBXGroup section */

/* Begin PBXNativeTarget section */
		1A41DBBD1B00F84000ECFAB1 /* ParseDemo */ = {
			isa = PBXNativeTarget;
			buildConfigurationList = 1A41DBE41B00F84000ECFAB1 /* Build configuration list for PBXNativeTarget "ParseDemo" */;
			buildPhases = (
				1A41DBBA1B00F84000ECFAB1 /* Sources */,
				1A41DBBB1B00F84000ECFAB1 /* Frameworks */,
				1A41DBBC1B00F84000ECFAB1 /* Resources */,
			);
			buildRules = (
			);
			dependencies = (
			);
			name = ParseDemo;
			productName = ParseDemo;
			productReference = 1A41DBBE1B00F84000ECFAB1 /* ParseDemo.app */;
			productType = "com.apple.product-type.application";
		};
		1A41DBD91B00F84000ECFAB1 /* ParseDemoTests */ = {
			isa = PBXNativeTarget;
			buildConfigurationList = 1A41DBE71B00F84000ECFAB1 /* Build configuration list for PBXNativeTarget "ParseDemoTests" */;
			buildPhases = (
				1A41DBD61B00F84000ECFAB1 /* Sources */,
				1A41DBD71B00F84000ECFAB1 /* Frameworks */,
				1A41DBD81B00F84000ECFAB1 /* Resources */,
			);
			buildRules = (
			);
			dependencies = (
				1A41DBDC1B00F84000ECFAB1 /* PBXTargetDependency */,
			);
			name = ParseDemoTests;
			productName = ParseDemoTests;
			productReference = 1A41DBDA1B00F84000ECFAB1 /* ParseDemoTests.xctest */;
			productType = "com.apple.product-type.bundle.unit-test";
		};
/* End PBXNativeTarget section */

/* Begin PBXProject section */
		1A41DBB61B00F84000ECFAB1 /* Project object */ = {
			isa = PBXProject;
			attributes = {
				LastUpgradeCheck = 0630;
				ORGANIZATIONNAME = "Yung Dai";
				TargetAttributes = {
					1A41DBBD1B00F84000ECFAB1 = {
						CreatedOnToolsVersion = 6.3.1;
					};
					1A41DBD91B00F84000ECFAB1 = {
						CreatedOnToolsVersion = 6.3.1;
						TestTargetID = 1A41DBBD1B00F84000ECFAB1;
					};
				};
			};
			buildConfigurationList = 1A41DBB91B00F84000ECFAB1 /* Build configuration list for PBXProject "ParseDemo" */;
			compatibilityVersion = "Xcode 3.2";
			developmentRegion = English;
			hasScannedForEncodings = 0;
			knownRegions = (
				en,
				Base,
			);
			mainGroup = 1A41DBB51B00F84000ECFAB1;
			productRefGroup = 1A41DBBF1B00F84000ECFAB1 /* Products */;
			projectDirPath = "";
			projectRoot = "";
			targets = (
				1A41DBBD1B00F84000ECFAB1 /* ParseDemo */,
				1A41DBD91B00F84000ECFAB1 /* ParseDemoTests */,
			);
		};
/* End PBXProject section */

/* Begin PBXResourcesBuildPhase section */
		1A41DBBC1B00F84000ECFAB1 /* Resources */ = {
			isa = PBXResourcesBuildPhase;
			buildActionMask = 2147483647;
			files = (
				1A41DBD01B00F84000ECFAB1 /* Main.storyboard in Resources */,
				1A41DBD51B00F84000ECFAB1 /* LaunchScreen.xib in Resources */,
				1A41DBD21B00F84000ECFAB1 /* Images.xcassets in Resources */,
			);
			runOnlyForDeploymentPostprocessing = 0;
		};
		1A41DBD81B00F84000ECFAB1 /* Resources */ = {
			isa = PBXResourcesBuildPhase;
			buildActionMask = 2147483647;
			files = (
			);
			runOnlyForDeploymentPostprocessing = 0;
		};
/* End PBXResourcesBuildPhase section */

/* Begin PBXSourcesBuildPhase section */
		1A41DBBA1B00F84000ECFAB1 /* Sources */ = {
			isa = PBXSourcesBuildPhase;
			buildActionMask = 2147483647;
			files = (
				1A41DBCA1B00F84000ECFAB1 /* ParseDemo.xcdatamodeld in Sources */,
				1A41DBC71B00F84000ECFAB1 /* AppDelegate.m in Sources */,
				1A41DBCD1B00F84000ECFAB1 /* ViewController.m in Sources */,
				1A41DBC41B00F84000ECFAB1 /* main.m in Sources */,
				1A6289B61B03A238005186A5 /* ReturnObject.m in Sources */,
				1A6289B31B03978C005186A5 /* Course.m in Sources */,
			);
			runOnlyForDeploymentPostprocessing = 0;
		};
		1A41DBD61B00F84000ECFAB1 /* Sources */ = {
			isa = PBXSourcesBuildPhase;
			buildActionMask = 2147483647;
			files = (
				1A41DBE11B00F84000ECFAB1 /* ParseDemoTests.m in Sources */,
			);
			runOnlyForDeploymentPostprocessing = 0;
		};
/* End PBXSourcesBuildPhase section */

/* Begin PBXTargetDependency section */
		1A41DBDC1B00F84000ECFAB1 /* PBXTargetDependency */ = {
			isa = PBXTargetDependency;
			target = 1A41DBBD1B00F84000ECFAB1 /* ParseDemo */;
			targetProxy = 1A41DBDB1B00F84000ECFAB1 /* PBXContainerItemProxy */;
		};
/* End PBXTargetDependency section */

/* Begin PBXVariantGroup section */
		1A41DBCE1B00F84000ECFAB1 /* Main.storyboard */ = {
			isa = PBXVariantGroup;
			children = (
				1A41DBCF1B00F84000ECFAB1 /* Base */,
			);
			name = Main.storyboard;
			sourceTree = "<group>";
		};
		1A41DBD31B00F84000ECFAB1 /* LaunchScreen.xib */ = {
			isa = PBXVariantGroup;
			children = (
				1A41DBD41B00F84000ECFAB1 /* Base */,
			);
			name = LaunchScreen.xib;
			sourceTree = "<group>";
		};
/* End PBXVariantGroup section */

/* Begin XCBuildConfiguration section */
		1A41DBE21B00F84000ECFAB1 /* Debug */ = {
			isa = XCBuildConfiguration;
			buildSettings = {
				ALWAYS_SEARCH_USER_PATHS = NO;
				CLANG_CXX_LANGUAGE_STANDARD = "gnu++0x";
				CLANG_CXX_LIBRARY = "libc++";
				CLANG_ENABLE_MODULES = YES;
				CLANG_ENABLE_OBJC_ARC = YES;
				CLANG_WARN_BOOL_CONVERSION = YES;
				CLANG_WARN_CONSTANT_CONVERSION = YES;
				CLANG_WARN_DIRECT_OBJC_ISA_USAGE = YES_ERROR;
				CLANG_WARN_EMPTY_BODY = YES;
				CLANG_WARN_ENUM_CONVERSION = YES;
				CLANG_WARN_INT_CONVERSION = YES;
				CLANG_WARN_OBJC_ROOT_CLASS = YES_ERROR;
				CLANG_WARN_UNREACHABLE_CODE = YES;
				CLANG_WARN__DUPLICATE_METHOD_MATCH = YES;
				"CODE_SIGN_IDENTITY[sdk=iphoneos*]" = "iPhone Developer";
				COPY_PHASE_STRIP = NO;
				DEBUG_INFORMATION_FORMAT = "dwarf-with-dsym";
				ENABLE_STRICT_OBJC_MSGSEND = YES;
				GCC_C_LANGUAGE_STANDARD = gnu99;
				GCC_DYNAMIC_NO_PIC = NO;
				GCC_NO_COMMON_BLOCKS = YES;
				GCC_OPTIMIZATION_LEVEL = 0;
				GCC_PREPROCESSOR_DEFINITIONS = (
					"DEBUG=1",
					"$(inherited)",
				);
				GCC_SYMBOLS_PRIVATE_EXTERN = NO;
				GCC_WARN_64_TO_32_BIT_CONVERSION = YES;
				GCC_WARN_ABOUT_RETURN_TYPE = YES_ERROR;
				GCC_WARN_UNDECLARED_SELECTOR = YES;
				GCC_WARN_UNINITIALIZED_AUTOS = YES_AGGRESSIVE;
				GCC_WARN_UNUSED_FUNCTION = YES;
				GCC_WARN_UNUSED_VARIABLE = YES;
				IPHONEOS_DEPLOYMENT_TARGET = 8.3;
				MTL_ENABLE_DEBUG_INFO = YES;
				ONLY_ACTIVE_ARCH = YES;
				SDKROOT = iphoneos;
				TARGETED_DEVICE_FAMILY = "1,2";
			};
			name = Debug;
		};
		1A41DBE31B00F84000ECFAB1 /* Release */ = {
			isa = XCBuildConfiguration;
			buildSettings = {
				ALWAYS_SEARCH_USER_PATHS = NO;
				CLANG_CXX_LANGUAGE_STANDARD = "gnu++0x";
				CLANG_CXX_LIBRARY = "libc++";
				CLANG_ENABLE_MODULES = YES;
				CLANG_ENABLE_OBJC_ARC = YES;
				CLANG_WARN_BOOL_CONVERSION = YES;
				CLANG_WARN_CONSTANT_CONVERSION = YES;
				CLANG_WARN_DIRECT_OBJC_ISA_USAGE = YES_ERROR;
				CLANG_WARN_EMPTY_BODY = YES;
				CLANG_WARN_ENUM_CONVERSION = YES;
				CLANG_WARN_INT_CONVERSION = YES;
				CLANG_WARN_OBJC_ROOT_CLASS = YES_ERROR;
				CLANG_WARN_UNREACHABLE_CODE = YES;
				CLANG_WARN__DUPLICATE_METHOD_MATCH = YES;
				"CODE_SIGN_IDENTITY[sdk=iphoneos*]" = "iPhone Developer";
				COPY_PHASE_STRIP = NO;
				DEBUG_INFORMATION_FORMAT = "dwarf-with-dsym";
				ENABLE_NS_ASSERTIONS = NO;
				ENABLE_STRICT_OBJC_MSGSEND = YES;
				GCC_C_LANGUAGE_STANDARD = gnu99;
				GCC_NO_COMMON_BLOCKS = YES;
				GCC_WARN_64_TO_32_BIT_CONVERSION = YES;
				GCC_WARN_ABOUT_RETURN_TYPE = YES_ERROR;
				GCC_WARN_UNDECLARED_SELECTOR = YES;
				GCC_WARN_UNINITIALIZED_AUTOS = YES_AGGRESSIVE;
				GCC_WARN_UNUSED_FUNCTION = YES;
				GCC_WARN_UNUSED_VARIABLE = YES;
				IPHONEOS_DEPLOYMENT_TARGET = 8.3;
				MTL_ENABLE_DEBUG_INFO = NO;
				SDKROOT = iphoneos;
				TARGETED_DEVICE_FAMILY = "1,2";
				VALIDATE_PRODUCT = YES;
			};
			name = Release;
		};
		1A41DBE51B00F84000ECFAB1 /* Debug */ = {
			isa = XCBuildConfiguration;
			buildSettings = {
				ASSETCATALOG_COMPILER_APPICON_NAME = AppIcon;
				FRAMEWORK_SEARCH_PATHS = (
					"$(inherited)",
					"$(PROJECT_DIR)",
				);
				INFOPLIST_FILE = ParseDemo/Info.plist;
				LD_RUNPATH_SEARCH_PATHS = "$(inherited) @executable_path/Frameworks";
				PRODUCT_NAME = "$(TARGET_NAME)";
			};
			name = Debug;
		};
		1A41DBE61B00F84000ECFAB1 /* Release */ = {
			isa = XCBuildConfiguration;
			buildSettings = {
				ASSETCATALOG_COMPILER_APPICON_NAME = AppIcon;
				FRAMEWORK_SEARCH_PATHS = (
					"$(inherited)",
					"$(PROJECT_DIR)",
				);
				INFOPLIST_FILE = ParseDemo/Info.plist;
				LD_RUNPATH_SEARCH_PATHS = "$(inherited) @executable_path/Frameworks";
				PRODUCT_NAME = "$(TARGET_NAME)";
			};
			name = Release;
		};
		1A41DBE81B00F84000ECFAB1 /* Debug */ = {
			isa = XCBuildConfiguration;
			buildSettings = {
				BUNDLE_LOADER = "$(TEST_HOST)";
				FRAMEWORK_SEARCH_PATHS = (
					"$(SDKROOT)/Developer/Library/Frameworks",
					"$(inherited)",
					"$(PROJECT_DIR)",
				);
				GCC_PREPROCESSOR_DEFINITIONS = (
					"DEBUG=1",
					"$(inherited)",
				);
				INFOPLIST_FILE = ParseDemoTests/Info.plist;
				LD_RUNPATH_SEARCH_PATHS = "$(inherited) @executable_path/Frameworks @loader_path/Frameworks";
				PRODUCT_NAME = "$(TARGET_NAME)";
				TEST_HOST = "$(BUILT_PRODUCTS_DIR)/ParseDemo.app/ParseDemo";
			};
			name = Debug;
		};
		1A41DBE91B00F84000ECFAB1 /* Release */ = {
			isa = XCBuildConfiguration;
			buildSettings = {
				BUNDLE_LOADER = "$(TEST_HOST)";
				FRAMEWORK_SEARCH_PATHS = (
					"$(SDKROOT)/Developer/Library/Frameworks",
					"$(inherited)",
					"$(PROJECT_DIR)",
				);
				INFOPLIST_FILE = ParseDemoTests/Info.plist;
				LD_RUNPATH_SEARCH_PATHS = "$(inherited) @executable_path/Frameworks @loader_path/Frameworks";
				PRODUCT_NAME = "$(TARGET_NAME)";
				TEST_HOST = "$(BUILT_PRODUCTS_DIR)/ParseDemo.app/ParseDemo";
			};
			name = Release;
		};
/* End XCBuildConfiguration section */

/* Begin XCConfigurationList section */
		1A41DBB91B00F84000ECFAB1 /* Build configuration list for PBXProject "ParseDemo" */ = {
			isa = XCConfigurationList;
			buildConfigurations = (
				1A41DBE21B00F84000ECFAB1 /* Debug */,
				1A41DBE31B00F84000ECFAB1 /* Release */,
			);
			defaultConfigurationIsVisible = 0;
			defaultConfigurationName = Release;
		};
		1A41DBE41B00F84000ECFAB1 /* Build configuration list for PBXNativeTarget "ParseDemo" */ = {
			isa = XCConfigurationList;
			buildConfigurations = (
				1A41DBE51B00F84000ECFAB1 /* Debug */,
				1A41DBE61B00F84000ECFAB1 /* Release */,
			);
			defaultConfigurationIsVisible = 0;
			defaultConfigurationName = Release;
		};
		1A41DBE71B00F84000ECFAB1 /* Build configuration list for PBXNativeTarget "ParseDemoTests" */ = {
			isa = XCConfigurationList;
			buildConfigurations = (
				1A41DBE81B00F84000ECFAB1 /* Debug */,
				1A41DBE91B00F84000ECFAB1 /* Release */,
			);
			defaultConfigurationIsVisible = 0;
			defaultConfigurationName = Release;
		};
/* End XCConfigurationList section */

/* Begin XCVersionGroup section */
		1A41DBC81B00F84000ECFAB1 /* ParseDemo.xcdatamodeld */ = {
			isa = XCVersionGroup;
			children = (
				1A41DBC91B00F84000ECFAB1 /* ParseDemo.xcdatamodel */,
			);
			currentVersion = 1A41DBC91B00F84000ECFAB1 /* ParseDemo.xcdatamodel */;
			path = ParseDemo.xcdatamodeld;
			sourceTree = "<group>";
			versionGroupType = wrapper.xcdatamodel;
		};
/* End XCVersionGroup section */
	};
	rootObject = 1A41DBB61B00F84000ECFAB1 /* Project object */;
}
